
Microsoft Visual Studio Solution File, Format Version 12.00
# Visual Studio Version 16
VisualStudioVersion = 16.0.30717.126
MinimumVisualStudioVersion = 10.0.40219.1
Project("{FAE04EC0-301F-11D3-BF4B-00C04F79EFBC}") = "SimpleStore.WebApp", "SimpleStore.WebApp\SimpleStore.WebApp.csproj", "{BE565A92-0DBE-40BC-ACAB-EE8F24977118}"
EndProject
Project("{FAE04EC0-301F-11D3-BF4B-00C04F79EFBC}") = "SimpleStore.DataModel", "SimpleStore.DataModel\SimpleStore.DataModel.csproj", "{B6A94D2C-E74E-4DF3-8651-48CC7BDD7239}"
EndProject
Global
	GlobalSection(SolutionConfigurationPlatforms) = preSolution
		Debug|Any CPU = Debug|Any CPU
		Release|Any CPU = Release|Any CPU
	EndGlobalSection
	GlobalSection(ProjectConfigurationPlatforms) = postSolution
		{BE565A92-0DBE-40BC-ACAB-EE8F24977118}.Debug|Any CPU.ActiveCfg = Debug|Any CPU
		{BE565A92-0DBE-40BC-ACAB-EE8F24977118}.Debug|Any CPU.Build.0 = Debug|Any CPU
		{BE565A92-0DBE-40BC-ACAB-EE8F24977118}.Release|Any CPU.ActiveCfg = Release|Any CPU
		{BE565A92-0DBE-40BC-ACAB-EE8F24977118}.Release|Any CPU.Build.0 = Release|Any CPU
		{B6A94D2C-E74E-4DF3-8651-48CC7BDD7239}.Debug|Any CPU.ActiveCfg = Debug|Any CPU
		{B6A94D2C-E74E-4DF3-8651-48CC7BDD7239}.Debug|Any CPU.Build.0 = Debug|Any CPU
		{B6A94D2C-E74E-4DF3-8651-48CC7BDD7239}.Release|Any CPU.ActiveCfg = Release|Any CPU
		{B6A94D2C-E74E-4DF3-8651-48CC7BDD7239}.Release|Any CPU.Build.0 = Release|Any CPU
	EndGlobalSection
	GlobalSection(SolutionProperties) = preSolution
		HideSolutionNode = FALSE
	EndGlobalSection
	GlobalSection(ExtensibilityGlobals) = postSolution
		SolutionGuid = {9E5DCD58-0617-40B1-866B-C61A531489B0}
	EndGlobalSection
EndGlobal
