
Microsoft Visual Studio Solution File, Format Version 12.00
# Visual Studio Version 16
VisualStudioVersion = 16.0.30804.86
MinimumVisualStudioVersion = 10.0.40219.1
Project("{FAE04EC0-301F-11D3-BF4B-00C04F79EFBC}") = "KitchenService.Api", "KitchenService.Api\KitchenService.Api.csproj", "{AC2ED6AD-7A06-4125-8135-05422E6BA889}"
EndProject
Global
	GlobalSection(SolutionConfigurationPlatforms) = preSolution
		Debug|Any CPU = Debug|Any CPU
		Release|Any CPU = Release|Any CPU
	EndGlobalSection
	GlobalSection(ProjectConfigurationPlatforms) = postSolution
		{AC2ED6AD-7A06-4125-8135-05422E6BA889}.Debug|Any CPU.ActiveCfg = Debug|Any CPU
		{AC2ED6AD-7A06-4125-8135-05422E6BA889}.Debug|Any CPU.Build.0 = Debug|Any CPU
		{AC2ED6AD-7A06-4125-8135-05422E6BA889}.Release|Any CPU.ActiveCfg = Release|Any CPU
		{AC2ED6AD-7A06-4125-8135-05422E6BA889}.Release|Any CPU.Build.0 = Release|Any CPU
	EndGlobalSection
	GlobalSection(SolutionProperties) = preSolution
		HideSolutionNode = FALSE
	EndGlobalSection
	GlobalSection(ExtensibilityGlobals) = postSolution
		SolutionGuid = {F2D9CFB3-72EB-48DB-A952-47048C7D696C}
	EndGlobalSection
EndGlobal
