
Microsoft Visual Studio Solution File, Format Version 12.00
# Visual Studio Version 16
VisualStudioVersion = 16.0.30621.155
MinimumVisualStudioVersion = 10.0.40219.1
Project("{9A19103F-16F7-4668-BE54-9A1E7A4F7556}") = "HelloVisualStudio.ConsoleApp", "HelloVisualStudio.ConsoleApp\HelloVisualStudio.ConsoleApp.csproj", "{0F8A7E7F-61B2-43DA-80ED-79B7221E8A85}"
EndProject
Project("{FAE04EC0-301F-11D3-BF4B-00C04F79EFBC}") = "HelloVisualStudio.Library", "HelloVisualStudio.Library\HelloVisualStudio.Library.csproj", "{78B6DA0D-045C-4B7C-B7B1-DE7866BDBE39}"
EndProject
Global
	GlobalSection(SolutionConfigurationPlatforms) = preSolution
		Debug|Any CPU = Debug|Any CPU
		Release|Any CPU = Release|Any CPU
	EndGlobalSection
	GlobalSection(ProjectConfigurationPlatforms) = postSolution
		{0F8A7E7F-61B2-43DA-80ED-79B7221E8A85}.Debug|Any CPU.ActiveCfg = Debug|Any CPU
		{0F8A7E7F-61B2-43DA-80ED-79B7221E8A85}.Debug|Any CPU.Build.0 = Debug|Any CPU
		{0F8A7E7F-61B2-43DA-80ED-79B7221E8A85}.Release|Any CPU.ActiveCfg = Release|Any CPU
		{0F8A7E7F-61B2-43DA-80ED-79B7221E8A85}.Release|Any CPU.Build.0 = Release|Any CPU
		{78B6DA0D-045C-4B7C-B7B1-DE7866BDBE39}.Debug|Any CPU.ActiveCfg = Debug|Any CPU
		{78B6DA0D-045C-4B7C-B7B1-DE7866BDBE39}.Debug|Any CPU.Build.0 = Debug|Any CPU
		{78B6DA0D-045C-4B7C-B7B1-DE7866BDBE39}.Release|Any CPU.ActiveCfg = Release|Any CPU
		{78B6DA0D-045C-4B7C-B7B1-DE7866BDBE39}.Release|Any CPU.Build.0 = Release|Any CPU
	EndGlobalSection
	GlobalSection(SolutionProperties) = preSolution
		HideSolutionNode = FALSE
	EndGlobalSection
	GlobalSection(ExtensibilityGlobals) = postSolution
		SolutionGuid = {6F5F3726-4063-4FC9-A21F-19AAC611BE03}
	EndGlobalSection
EndGlobal
